# THIS IS AN AUTOGENERATED FILE. DO NOT EDIT THIS FILE DIRECTLY.
# yarn lockfile v1


"@adraffy/ens-normalize@1.9.0":
  version "1.9.0"
  resolved "https://registry.npmjs.org/@adraffy/ens-normalize/-/ens-normalize-1.9.0.tgz"
  integrity sha512-iowxq3U30sghZotgl4s/oJRci6WPBfNO5YYgk2cIOMCHr3LeGPcsZjCEr+33Q4N+oV3OABDAtA+pyvWjbvBifQ==

"@cspotcode/source-map-support@^0.8.0":
  version "0.8.1"
  resolved "https://registry.yarnpkg.com/@cspotcode/source-map-support/-/source-map-support-0.8.1.tgz#00629c35a688e05a88b1cda684fb9d5e73f000a1"
  integrity sha512-IchNf6dN4tHoMFIn/7OE8LWZ19Y6q/67Bmf6vnGREv8RSbBVb9LPJxEcnwrcwX6ixSvaiGoomAUvu4YSxXrVgw==
  dependencies:
    "@jridgewell/trace-mapping" "0.3.9"

"@ioredis/commands@^1.1.1":
  version "1.2.0"
  resolved "https://registry.yarnpkg.com/@ioredis/commands/-/commands-1.2.0.tgz#6d61b3097470af1fdbbe622795b8921d42018e11"
  integrity sha512-Sx1pU8EM64o2BrqNpEO1CNLtKQwyhuXuqyfH7oGKCk+1a33d2r5saW8zNwm3j6BTExtjrv2BxTgzzkMwts6vGg==

"@jridgewell/resolve-uri@^3.0.3":
  version "3.1.1"
  resolved "https://registry.yarnpkg.com/@jridgewell/resolve-uri/-/resolve-uri-3.1.1.tgz#c08679063f279615a3326583ba3a90d1d82cc721"
  integrity sha512-dSYZh7HhCDtCKm4QakX0xFpsRDqjjtZf/kjI/v3T3Nwt5r8/qz/M19F9ySyOqU94SXBmeG9ttTul+YnR4LOxFA==

"@jridgewell/sourcemap-codec@^1.4.10":
  version "1.4.15"
  resolved "https://registry.yarnpkg.com/@jridgewell/sourcemap-codec/-/sourcemap-codec-1.4.15.tgz#d7c6e6755c78567a951e04ab52ef0fd26de59f32"
  integrity sha512-eF2rxCRulEKXHTRiDrDy6erMYWqNw4LPdQ8UQA4huuxaQsVeRPFl2oM8oDGxMFhJUWZf9McpLtJasDDZb/Bpeg==

"@jridgewell/trace-mapping@0.3.9":
  version "0.3.9"
  resolved "https://registry.yarnpkg.com/@jridgewell/trace-mapping/-/trace-mapping-0.3.9.tgz#6534fd5933a53ba7cbf3a17615e273a0d1273ff9"
  integrity sha512-3Belt6tdc8bPgAtbcmdtNJlirVoTmEb5e2gC94PnkwEW9jI6CAHUeoG85tjWP5WquqfavoMtMwiG4P926ZKKuQ==
  dependencies:
    "@jridgewell/resolve-uri" "^3.0.3"
    "@jridgewell/sourcemap-codec" "^1.4.10"

"@noble/curves@1.1.0":
  version "1.1.0"
  resolved "https://registry.npmjs.org/@noble/curves/-/curves-1.1.0.tgz"
  integrity sha512-091oBExgENk/kGj3AZmtBDMpxQPDtxQABR2B9lb1JbVTs6ytdzZNwvhxQ4MWasRNEzlbEH8jCWFCwhF/Obj5AA==
  dependencies:
    "@noble/hashes" "1.3.1"

"@noble/curves@~1.0.0":
  version "1.0.0"
  resolved "https://registry.npmjs.org/@noble/curves/-/curves-1.0.0.tgz"
  integrity sha512-2upgEu0iLiDVDZkNLeFV2+ht0BAVgQnEmCk6JsOch9Rp8xfkMCbvbAZlA2pBHQc73dbl+vFOXfqkf4uemdn0bw==
  dependencies:
    "@noble/hashes" "1.3.0"

"@noble/hashes@1.3.0":
  version "1.3.0"
  resolved "https://registry.npmjs.org/@noble/hashes/-/hashes-1.3.0.tgz"
  integrity sha512-ilHEACi9DwqJB0pw7kv+Apvh50jiiSyR/cQ3y4W7lOR5mhvn/50FLUfsnfJz0BDZtl/RR16kXvptiv6q1msYZg==

"@noble/hashes@1.3.1", "@noble/hashes@~1.3.0":
  version "1.3.1"
  resolved "https://registry.npmjs.org/@noble/hashes/-/hashes-1.3.1.tgz"
  integrity sha512-EbqwksQwz9xDRGfDST86whPBgM65E0OH/pCgqW0GBVzO22bNE+NuIbeTb714+IfSjU3aRk47EUvXIb5bTsenKA==

"@redis/bloom@1.2.0":
  version "1.2.0"
  resolved "https://registry.yarnpkg.com/@redis/bloom/-/bloom-1.2.0.tgz#d3fd6d3c0af3ef92f26767b56414a370c7b63b71"
  integrity sha512-HG2DFjYKbpNmVXsa0keLHp/3leGJz1mjh09f2RLGGLQZzSHpkmZWuwJbAvo3QcRY8p80m5+ZdXZdYOSBLlp7Cg==

"@redis/client@1.5.8":
  version "1.5.8"
  resolved "https://registry.yarnpkg.com/@redis/client/-/client-1.5.8.tgz#a375ba7861825bd0d2dc512282b8bff7b98dbcb1"
  integrity sha512-xzElwHIO6rBAqzPeVnCzgvrnBEcFL1P0w8P65VNLRkdVW8rOE58f52hdj0BDgmsdOm4f1EoXPZtH4Fh7M/qUpw==
  dependencies:
    cluster-key-slot "1.1.2"
    generic-pool "3.9.0"
    yallist "4.0.0"

"@redis/graph@1.1.0":
  version "1.1.0"
  resolved "https://registry.yarnpkg.com/@redis/graph/-/graph-1.1.0.tgz#cc2b82e5141a29ada2cce7d267a6b74baa6dd519"
  integrity sha512-16yZWngxyXPd+MJxeSr0dqh2AIOi8j9yXKcKCwVaKDbH3HTuETpDVPcLujhFYVPtYrngSco31BUcSa9TH31Gqg==

"@redis/json@1.0.4":
  version "1.0.4"
  resolved "https://registry.yarnpkg.com/@redis/json/-/json-1.0.4.tgz#f372b5f93324e6ffb7f16aadcbcb4e5c3d39bda1"
  integrity sha512-LUZE2Gdrhg0Rx7AN+cZkb1e6HjoSKaeeW8rYnt89Tly13GBI5eP4CwDVr+MY8BAYfCg4/N15OUrtLoona9uSgw==

"@redis/search@1.1.3":
  version "1.1.3"
  resolved "https://registry.yarnpkg.com/@redis/search/-/search-1.1.3.tgz#b5a6837522ce9028267fe6f50762a8bcfd2e998b"
  integrity sha512-4Dg1JjvCevdiCBTZqjhKkGoC5/BcB7k9j99kdMnaXFXg8x4eyOIVg9487CMv7/BUVkFLZCaIh8ead9mU15DNng==

"@redis/time-series@1.0.4":
  version "1.0.4"
  resolved "https://registry.yarnpkg.com/@redis/time-series/-/time-series-1.0.4.tgz#af85eb080f6934580e4d3b58046026b6c2b18717"
  integrity sha512-ThUIgo2U/g7cCuZavucQTQzA9g9JbDDY2f64u3AbAoz/8vE2lt2U37LamDUVChhaDA3IRT9R6VvJwqnUfTJzng==

"@scure/base@~1.1.0":
  version "1.1.1"
  resolved "https://registry.npmjs.org/@scure/base/-/base-1.1.1.tgz"
  integrity sha512-ZxOhsSyxYwLJj3pLZCefNitxsj093tb2vq90mp2txoYeBqbcjDjqFhyM8eUjq/uFm6zJ+mUuqxlS2FkuSY1MTA==

"@scure/bip32@1.3.0":
  version "1.3.0"
  resolved "https://registry.npmjs.org/@scure/bip32/-/bip32-1.3.0.tgz"
  integrity sha512-bcKpo1oj54hGholplGLpqPHRbIsnbixFtc06nwuNM5/dwSXOq/AAYoIBRsBmnZJSdfeNW5rnff7NTAz3ZCqR9Q==
  dependencies:
    "@noble/curves" "~1.0.0"
    "@noble/hashes" "~1.3.0"
    "@scure/base" "~1.1.0"

"@scure/bip39@1.2.0":
  version "1.2.0"
  resolved "https://registry.npmjs.org/@scure/bip39/-/bip39-1.2.0.tgz"
  integrity sha512-SX/uKq52cuxm4YFXWFaVByaSHJh2w3BnokVSeUJVCv6K7WulT9u2BuNRBhuFl8vAuYnzx9bEu9WgpcNYTrYieg==
  dependencies:
    "@noble/hashes" "~1.3.0"
    "@scure/base" "~1.1.0"

"@tsconfig/node10@^1.0.7":
  version "1.0.9"
  resolved "https://registry.yarnpkg.com/@tsconfig/node10/-/node10-1.0.9.tgz#df4907fc07a886922637b15e02d4cebc4c0021b2"
  integrity sha512-jNsYVVxU8v5g43Erja32laIDHXeoNvFEpX33OK4d6hljo3jDhCBDhx5dhCCTMWUojscpAagGiRkBKxpdl9fxqA==

"@tsconfig/node12@^1.0.7":
  version "1.0.11"
  resolved "https://registry.yarnpkg.com/@tsconfig/node12/-/node12-1.0.11.tgz#ee3def1f27d9ed66dac6e46a295cffb0152e058d"
  integrity sha512-cqefuRsh12pWyGsIoBKJA9luFu3mRxCA+ORZvA4ktLSzIuCUtWVxGIuXigEwO5/ywWFMZ2QEGKWvkZG1zDMTag==

"@tsconfig/node14@^1.0.0":
  version "1.0.3"
  resolved "https://registry.yarnpkg.com/@tsconfig/node14/-/node14-1.0.3.tgz#e4386316284f00b98435bf40f72f75a09dabf6c1"
  integrity sha512-ysT8mhdixWK6Hw3i1V2AeRqZ5WfXg1G43mqoYlM2nc6388Fq5jcXyr5mRsqViLx/GJYdoL0bfXD8nmF+Zn/Iow==

"@tsconfig/node16@^1.0.2":
  version "1.0.4"
  resolved "https://registry.yarnpkg.com/@tsconfig/node16/-/node16-1.0.4.tgz#0b92dcc0cc1c81f6f306a381f28e31b1a56536e9"
  integrity sha512-vxhUy4J8lyeyinH7Azl1pdd43GJhZH/tP2weN8TntQblOY+A0XbT8DJk1/oCPuOOyg/Ja757rG0CgHcWC8OfMA==

"@types/body-parser@*":
  version "1.19.2"
  resolved "https://registry.yarnpkg.com/@types/body-parser/-/body-parser-1.19.2.tgz#aea2059e28b7658639081347ac4fab3de166e6f0"
  integrity sha512-ALYone6pm6QmwZoAgeyNksccT9Q4AWZQ6PvfwR37GT6r6FWUPguq6sUmNGSMV2Wr761oQoBxwGGa6DR5o1DC9g==
  dependencies:
    "@types/connect" "*"
    "@types/node" "*"

"@types/connect-redis@^0.0.20":
  version "0.0.20"
  resolved "https://registry.yarnpkg.com/@types/connect-redis/-/connect-redis-0.0.20.tgz#cb5e33ee860bf8d6ea86b807c2499af238e2cd3f"
  integrity sha512-3VTUzlsYtgsZlIt9G7BY2EyBr96JE93V9DB7JfItNZi6NzQzqyR+S0yLK5iPHd6X31CA7drUoCNNx3LCXn4XOw==
  dependencies:
    "@types/express" "*"
    "@types/express-session" "*"
    "@types/redis" "^2.8.0"
    ioredis "^5.3.0"

"@types/connect@*":
  version "3.4.35"
  resolved "https://registry.yarnpkg.com/@types/connect/-/connect-3.4.35.tgz#5fcf6ae445e4021d1fc2219a4873cc73a3bb2ad1"
  integrity sha512-cdeYyv4KWoEgpBISTxWvqYsVy444DOqehiF3fM3ne10AmJ62RSyNkUnxMJXHQWRQQX2eR94m5y1IZyDwBjV9FQ==
  dependencies:
    "@types/node" "*"

"@types/express-serve-static-core@^4.17.33":
  version "4.17.36"
  resolved "https://registry.yarnpkg.com/@types/express-serve-static-core/-/express-serve-static-core-4.17.36.tgz#baa9022119bdc05a4adfe740ffc97b5f9360e545"
  integrity sha512-zbivROJ0ZqLAtMzgzIUC4oNqDG9iF0lSsAqpOD9kbs5xcIM3dTiyuHvBc7R8MtWBp3AAWGaovJa+wzWPjLYW7Q==
  dependencies:
    "@types/node" "*"
    "@types/qs" "*"
    "@types/range-parser" "*"
    "@types/send" "*"

"@types/express-session@*", "@types/express-session@^1.17.7":
  version "1.17.7"
  resolved "https://registry.yarnpkg.com/@types/express-session/-/express-session-1.17.7.tgz#ced215c1244cb594be10e39f2781ddcd650be9a6"
  integrity sha512-L25080PBYoRLu472HY/HNCxaXY8AaGgqGC8/p/8+BYMhG0RDOLQ1wpXOpAzr4Gi5TGozTKyJv5BVODM5UNyVMw==
  dependencies:
    "@types/express" "*"

"@types/express@*":
  version "4.17.17"
  resolved "https://registry.yarnpkg.com/@types/express/-/express-4.17.17.tgz#01d5437f6ef9cfa8668e616e13c2f2ac9a491ae4"
  integrity sha512-Q4FmmuLGBG58btUnfS1c1r/NQdlp3DMfGDGig8WhfpA2YRUtEkxAjkZb0yvplJGYdF1fsQ81iMDcH24sSCNC/Q==
  dependencies:
    "@types/body-parser" "*"
    "@types/express-serve-static-core" "^4.17.33"
    "@types/qs" "*"
    "@types/serve-static" "*"

"@types/http-errors@*":
  version "2.0.1"
  resolved "https://registry.yarnpkg.com/@types/http-errors/-/http-errors-2.0.1.tgz#20172f9578b225f6c7da63446f56d4ce108d5a65"
  integrity sha512-/K3ds8TRAfBvi5vfjuz8y6+GiAYBZ0x4tXv1Av6CWBWn0IlADc+ZX9pMq7oU0fNQPnBwIZl3rmeLp6SBApbxSQ==

"@types/mime@*":
  version "3.0.1"
  resolved "https://registry.yarnpkg.com/@types/mime/-/mime-3.0.1.tgz#5f8f2bca0a5863cb69bc0b0acd88c96cb1d4ae10"
  integrity sha512-Y4XFY5VJAuw0FgAqPNd6NNoV44jbq9Bz2L7Rh/J6jLTiHBSBJa9fxqQIvkIld4GsoDOcCbvzOUAbLPsSKKg+uA==

"@types/mime@^1":
  version "1.3.2"
  resolved "https://registry.yarnpkg.com/@types/mime/-/mime-1.3.2.tgz#93e25bf9ee75fe0fd80b594bc4feb0e862111b5a"
  integrity sha512-YATxVxgRqNH6nHEIsvg6k2Boc1JHI9ZbH5iWFFv/MTkchz3b1ieGDa5T0a9RznNdI0KhVbdbWSN+KWWrQZRxTw==

"@types/node@*":
  version "20.5.3"
  resolved "https://registry.npmjs.org/@types/node/-/node-20.5.3.tgz"
  integrity sha512-ITI7rbWczR8a/S6qjAW7DMqxqFMjjTo61qZVWJ1ubPvbIQsL5D/TvwjYEalM8Kthpe3hTzOGrF2TGbAu2uyqeA==

"@types/qs@*":
  version "6.9.7"
  resolved "https://registry.yarnpkg.com/@types/qs/-/qs-6.9.7.tgz#63bb7d067db107cc1e457c303bc25d511febf6cb"
  integrity sha512-FGa1F62FT09qcrueBA6qYTrJPVDzah9a+493+o2PCXsesWHIn27G98TsSMs3WPNbZIEj4+VJf6saSFpvD+3Zsw==

"@types/range-parser@*":
  version "1.2.4"
  resolved "https://registry.yarnpkg.com/@types/range-parser/-/range-parser-1.2.4.tgz#cd667bcfdd025213aafb7ca5915a932590acdcdc"
  integrity sha512-EEhsLsD6UsDM1yFhAvy0Cjr6VwmpMWqFBCb9w07wVugF7w9nfajxLuVmngTIpgS6svCnm6Vaw+MZhoDCKnOfsw==

"@types/redis@^2.8.0":
  version "2.8.32"
  resolved "https://registry.yarnpkg.com/@types/redis/-/redis-2.8.32.tgz#1d3430219afbee10f8cfa389dad2571a05ecfb11"
  integrity sha512-7jkMKxcGq9p242exlbsVzuJb57KqHRhNl4dHoQu2Y5v9bCAbtIXXH0R3HleSQW4CTOqpHIYUW3t6tpUj4BVQ+w==
  dependencies:
    "@types/node" "*"

"@types/send@*":
  version "0.17.1"
  resolved "https://registry.yarnpkg.com/@types/send/-/send-0.17.1.tgz#ed4932b8a2a805f1fe362a70f4e62d0ac994e301"
  integrity sha512-Cwo8LE/0rnvX7kIIa3QHCkcuF21c05Ayb0ZfxPiv0W8VRiZiNW/WuRupHKpqqGVGf7SUA44QSOUKaEd9lIrd/Q==
  dependencies:
    "@types/mime" "^1"
    "@types/node" "*"

"@types/serve-static@*":
  version "1.15.2"
  resolved "https://registry.yarnpkg.com/@types/serve-static/-/serve-static-1.15.2.tgz#3e5419ecd1e40e7405d34093f10befb43f63381a"
  integrity sha512-J2LqtvFYCzaj8pVYKw8klQXrLLk7TBZmQ4ShlcdkELFKGwGMfevMLneMMRkMgZxotOD9wg497LpC7O8PcvAmfw==
  dependencies:
    "@types/http-errors" "*"
    "@types/mime" "*"
    "@types/node" "*"

"@types/ws@^8.5.4":
  version "8.5.5"
  resolved "https://registry.npmjs.org/@types/ws/-/ws-8.5.5.tgz"
  integrity sha512-lwhs8hktwxSjf9UaZ9tG5M03PGogvFaH8gUgLNbN9HKIg0dvv6q+gkSuJ8HN4/VbyxkuLzCjlN7GquQ0gUJfIg==
  dependencies:
    "@types/node" "*"

"@wagmi/chains@1.7.0":
  version "1.7.0"
  resolved "https://registry.npmjs.org/@wagmi/chains/-/chains-1.7.0.tgz"
  integrity sha512-TKVeHv0GqP5sV1yQ8BDGYToAFezPnCexbbBpeH14x7ywi5a1dDStPffpt9x+ytE6LJWkZ6pAMs/HNWXBQ5Nqmw==

abitype@0.9.3:
  version "0.9.3"
  resolved "https://registry.npmjs.org/abitype/-/abitype-0.9.3.tgz"
  integrity sha512-dz4qCQLurx97FQhnb/EIYTk/ldQ+oafEDUqC0VVIeQS1Q48/YWt/9YNfMmp9SLFqN41ktxny3c8aYxHjmFIB/w==

acorn-walk@^8.1.1:
  version "8.2.0"
  resolved "https://registry.yarnpkg.com/acorn-walk/-/acorn-walk-8.2.0.tgz#741210f2e2426454508853a2f44d0ab83b7f69c1"
  integrity sha512-k+iyHEuPgSw6SbuDpGQM+06HQUa04DZ3o+F6CSzXMvvI5KMvnaEqXe+YVe555R9nn6GPt404fos4wcgpw12SDA==

acorn@^8.4.1:
  version "8.10.0"
  resolved "https://registry.yarnpkg.com/acorn/-/acorn-8.10.0.tgz#8be5b3907a67221a81ab23c7889c4c5526b62ec5"
  integrity sha512-F0SAmZ8iUtS//m8DmCTA0jlh6TDKkHQyK6xc6V4KDTyZKA9dnvX9/3sRTVQrWm79glUAZbnmmNcdYwUIHWVybw==

arg@^4.1.0:
  version "4.1.3"
  resolved "https://registry.yarnpkg.com/arg/-/arg-4.1.3.tgz#269fc7ad5b8e42cb63c896d5666017261c144089"
  integrity sha512-58S9QDqG0Xx27YwPSt9fJxivjYl432YCwfDMfZ+71RAqUrZef7LrKQZ3LHLOwCS4FLNBplP533Zx895SeOCHvA==

cluster-key-slot@1.1.2, cluster-key-slot@^1.1.0:
  version "1.1.2"
  resolved "https://registry.yarnpkg.com/cluster-key-slot/-/cluster-key-slot-1.1.2.tgz#88ddaa46906e303b5de30d3153b7d9fe0a0c19ac"
  integrity sha512-RMr0FhtfXemyinomL4hrWcYJxmX6deFdCxpJzhDttxgO1+bcCnkk+9drydLVDmAMG7NE6aN/fl4F7ucU/90gAA==

create-require@^1.1.0:
  version "1.1.1"
  resolved "https://registry.yarnpkg.com/create-require/-/create-require-1.1.1.tgz#c1d7e8f1e5f6cfc9ff65f9cd352d37348756c333"
  integrity sha512-dcKFX3jn0MpIaXjisoRvexIJVEKzaq7z2rZKxf+MSr9TkdmHmsU4m2lcLojrj/FHl8mk5VxMmYA+ftRkP/3oKQ==

debug@^4.3.4:
  version "4.3.4"
  resolved "https://registry.yarnpkg.com/debug/-/debug-4.3.4.tgz#1319f6579357f2338d3337d2cdd4914bb5dcc865"
  integrity sha512-PRWFHuSU3eDtQJPvnNY7Jcket1j0t5OuOsFzPPzsekD52Zl8qUfFIPEiswXqIvHWGVHOgX+7G/vCNNhehwxfkQ==
  dependencies:
    ms "2.1.2"

denque@^2.1.0:
  version "2.1.0"
  resolved "https://registry.yarnpkg.com/denque/-/denque-2.1.0.tgz#e93e1a6569fb5e66f16a3c2a2964617d349d6ab1"
  integrity sha512-HVQE3AAb/pxF8fQAoiqpvg9i3evqug3hoiwakOyZAwJm+6vZehbkYXZ0l4JxS+I3QxM97v5aaRNhj8v5oBhekw==

diff@^4.0.1:
  version "4.0.2"
  resolved "https://registry.yarnpkg.com/diff/-/diff-4.0.2.tgz#60f3aecb89d5fae520c11aa19efc2bb982aade7d"
  integrity sha512-58lmxKSA4BNyLz+HHMUzlOEpg09FV+ev6ZMe3vJihgdxzgcwZ8VoEEPmALCZG9LmqfVoNMMKpttIYTVG6uDY7A==

dotenv@^16.3.1:
  version "16.3.1"
  resolved "https://registry.npmjs.org/dotenv/-/dotenv-16.3.1.tgz"
  integrity sha512-IPzF4w4/Rd94bA9imS68tZBaYyBWSCE47V1RGuMrB94iyTOIEwRmVL2x/4An+6mETpLrKJ5hQkB8W4kFAadeIQ==

generic-pool@3.9.0:
  version "3.9.0"
  resolved "https://registry.yarnpkg.com/generic-pool/-/generic-pool-3.9.0.tgz#36f4a678e963f4fdb8707eab050823abc4e8f5e4"
  integrity sha512-hymDOu5B53XvN4QT9dBmZxPX4CWhBPPLguTZ9MMFeFa/Kg0xWVfylOVNlJji/E7yTZWFd/q9GO5TxDLq156D7g==

ioredis@^5.3.0:
  version "5.3.2"
  resolved "https://registry.yarnpkg.com/ioredis/-/ioredis-5.3.2.tgz#9139f596f62fc9c72d873353ac5395bcf05709f7"
  integrity sha512-1DKMMzlIHM02eBBVOFQ1+AolGjs6+xEcM4PDL7NqOS6szq7H9jSaEkIUH6/a5Hl241LzW6JLSiAbNvTQjUupUA==
  dependencies:
    "@ioredis/commands" "^1.1.1"
    cluster-key-slot "^1.1.0"
    debug "^4.3.4"
    denque "^2.1.0"
    lodash.defaults "^4.2.0"
    lodash.isarguments "^3.1.0"
    redis-errors "^1.2.0"
    redis-parser "^3.0.0"
    standard-as-callback "^2.1.0"

isomorphic-ws@5.0.0:
  version "5.0.0"
  resolved "https://registry.npmjs.org/isomorphic-ws/-/isomorphic-ws-5.0.0.tgz"
  integrity sha512-muId7Zzn9ywDsyXgTIafTry2sV3nySZeUDe6YedVd1Hvuuep5AsIlqK+XefWpYTyJG5e503F2xIuT2lcU6rCSw==

lodash.defaults@^4.2.0:
  version "4.2.0"
  resolved "https://registry.yarnpkg.com/lodash.defaults/-/lodash.defaults-4.2.0.tgz#d09178716ffea4dde9e5fb7b37f6f0802274580c"
  integrity sha512-qjxPLHd3r5DnsdGacqOMU6pb/avJzdh9tFX2ymgoZE27BmjXrNy/y4LoaiTeAb+O3gL8AfpJGtqfX/ae2leYYQ==

lodash.isarguments@^3.1.0:
  version "3.1.0"
  resolved "https://registry.yarnpkg.com/lodash.isarguments/-/lodash.isarguments-3.1.0.tgz#2f573d85c6a24289ff00663b491c1d338ff3458a"
  integrity sha512-chi4NHZlZqZD18a0imDHnZPrDeBbTtVN7GXMwuGdRH9qotxAjYs3aVLKc7zNOG9eddR5Ksd8rvFEBc9SsggPpg==

make-error@^1.1.1:
  version "1.3.6"
  resolved "https://registry.yarnpkg.com/make-error/-/make-error-1.3.6.tgz#2eb2e37ea9b67c4891f684a1394799af484cf7a2"
  integrity sha512-s8UhlNe7vPKomQhC1qFelMokr/Sc3AgNbso3n74mVPA5LTZwkB9NlXf4XPamLxJE8h0gh73rM94xvwRT2CVInw==

ms@2.1.2:
  version "2.1.2"
  resolved "https://registry.yarnpkg.com/ms/-/ms-2.1.2.tgz#d09d1f357b443f493382a8eb3ccd183872ae6009"
  integrity sha512-sGkPx+VjMtmA6MX27oA4FBFELFCZZ4S4XqeGOXCv68tT+jb3vk/RyaKWP0PTKyWtmLSM0b+adUTEvbs1PEaH2w==

redis-errors@^1.0.0, redis-errors@^1.2.0:
  version "1.2.0"
  resolved "https://registry.yarnpkg.com/redis-errors/-/redis-errors-1.2.0.tgz#eb62d2adb15e4eaf4610c04afe1529384250abad"
  integrity sha512-1qny3OExCf0UvUV/5wpYKf2YwPcOqXzkwKKSmKHiE6ZMQs5heeE/c8eXK+PNllPvmjgAbfnsbpkGZWy8cBpn9w==

redis-parser@^3.0.0:
  version "3.0.0"
  resolved "https://registry.yarnpkg.com/redis-parser/-/redis-parser-3.0.0.tgz#b66d828cdcafe6b4b8a428a7def4c6bcac31c8b4"
  integrity sha512-DJnGAeenTdpMEH6uAJRK/uiyEIH9WVsUmoLwzudwGJUwZPp80PDBWPHXSAGNPwNvIXAbe7MSUB1zQFugFml66A==
  dependencies:
    redis-errors "^1.0.0"

redis@^4.6.7:
  version "4.6.7"
  resolved "https://registry.yarnpkg.com/redis/-/redis-4.6.7.tgz#c73123ad0b572776223f172ec78185adb72a6b57"
  integrity sha512-KrkuNJNpCwRm5vFJh0tteMxW8SaUzkm5fBH7eL5hd/D0fAkzvapxbfGPP/r+4JAXdQuX7nebsBkBqA2RHB7Usw==
  dependencies:
    "@redis/bloom" "1.2.0"
    "@redis/client" "1.5.8"
    "@redis/graph" "1.1.0"
    "@redis/json" "1.0.4"
    "@redis/search" "1.1.3"
    "@redis/time-series" "1.0.4"

standard-as-callback@^2.1.0:
  version "2.1.0"
  resolved "https://registry.yarnpkg.com/standard-as-callback/-/standard-as-callback-2.1.0.tgz#8953fc05359868a77b5b9739a665c5977bb7df45"
  integrity sha512-qoRRSyROncaz1z0mvYqIE4lCd9p2R90i6GxW3uZv5ucSu8tU7B5HXUP1gG8pVZsYNVaXjk8ClXHPttLyxAL48A==

ts-node@^10.9.1:
  version "10.9.1"
  resolved "https://registry.yarnpkg.com/ts-node/-/ts-node-10.9.1.tgz#e73de9102958af9e1f0b168a6ff320e25adcff4b"
  integrity sha512-NtVysVPkxxrwFGUUxGYhfux8k78pQB3JqYBXlLRZgdGUqTO5wU/UyHop5p70iEbGhB7q5KmiZiU0Y3KlJrScEw==
  dependencies:
    "@cspotcode/source-map-support" "^0.8.0"
    "@tsconfig/node10" "^1.0.7"
    "@tsconfig/node12" "^1.0.7"
    "@tsconfig/node14" "^1.0.0"
    "@tsconfig/node16" "^1.0.2"
    acorn "^8.4.1"
    acorn-walk "^8.1.1"
    arg "^4.1.0"
    create-require "^1.1.0"
    diff "^4.0.1"
    make-error "^1.1.1"
    v8-compile-cache-lib "^3.0.1"
    yn "3.1.1"

typescript@*:
  version "5.1.6"
  resolved "https://registry.yarnpkg.com/typescript/-/typescript-5.1.6.tgz#02f8ac202b6dad2c0dd5e0913745b47a37998274"
  integrity sha512-zaWCozRZ6DLEWAWFrVDz1H6FVXzUSfTy5FUMWsQlU8Ym5JP9eO4xkTIROFCQvhQf61z6O/G6ugw3SgAnvvm+HA==

v8-compile-cache-lib@^3.0.1:
  version "3.0.1"
  resolved "https://registry.yarnpkg.com/v8-compile-cache-lib/-/v8-compile-cache-lib-3.0.1.tgz#6336e8d71965cb3d35a1bbb7868445a7c05264bf"
  integrity sha512-wa7YjyUGfNZngI/vtK0UHAN+lgDCxBPCylVXGp0zu59Fz5aiGtNXaq3DhIov063MorB+VfufLh3JlF2KdTK3xg==

viem@^1.6.7:
  version "1.6.7"
  resolved "https://registry.npmjs.org/viem/-/viem-1.6.7.tgz"
  integrity sha512-w2OMJqKcQrzPQnmMFxe4ex+md8wSwfle6L3LvEi25CBvDKhkuljVrsWY19UzG05ssQhiZ+cdxU3YMBrX817Qiw==
  dependencies:
    "@adraffy/ens-normalize" "1.9.0"
    "@noble/curves" "1.1.0"
    "@noble/hashes" "1.3.0"
    "@scure/bip32" "1.3.0"
    "@scure/bip39" "1.2.0"
    "@types/ws" "^8.5.4"
    "@wagmi/chains" "1.7.0"
    abitype "0.9.3"
    isomorphic-ws "5.0.0"
    ws "8.12.0"

ws@8.12.0:
  version "8.12.0"
  resolved "https://registry.npmjs.org/ws/-/ws-8.12.0.tgz"
  integrity sha512-kU62emKIdKVeEIOIKVegvqpXMSTAMLJozpHZaJNDYqBjzlSYXQGviYwN1osDLJ9av68qHd4a2oSjd7yD4pacig==

yallist@4.0.0:
  version "4.0.0"
  resolved "https://registry.yarnpkg.com/yallist/-/yallist-4.0.0.tgz#9bb92790d9c0effec63be73519e11a35019a3a72"
  integrity sha512-3wdGidZyq5PB084XLES5TpOSRA3wjXAlIWMhum2kRcv/41Sn2emQ0dycQW4uZXLejwKvg6EsvbdlVL+FYEct7A==

yn@3.1.1:
  version "3.1.1"
  resolved "https://registry.yarnpkg.com/yn/-/yn-3.1.1.tgz#1e87401a09d767c1d5eab26a6e4c185182d2eb50"
  integrity sha512-Ux4ygGWsu2c7isFWe8Yu1YluJmqVhxqK2cLXNQA5AcC3QfbGNpM7fu0Y8b/z16pXLnFxZYvWhd3fhBY9DLmC6Q==
